
Microsoft Visual Studio Solution File, Format Version 12.00
# Visual Studio 15
VisualStudioVersion = 15.0.28010.2003
MinimumVisualStudioVersion = 10.0.40219.1
Project("{FAE04EC0-301F-11D3-BF4B-00C04F79EFBC}") = "TechnicalTest", "TechnicalTest\TechnicalTest.csproj", "{420089E2-96AD-437B-A46F-8D30E8BBA3E6}"
EndProject
Project("{FAE04EC0-301F-11D3-BF4B-00C04F79EFBC}") = "TechnicalTestUnitTests", "TechnicalTestUnitTests\TechnicalTestUnitTests.csproj", "{7876B7D4-5578-47B3-8E35-E6820471DB10}"
EndProject
Project("{2150E333-8FDC-42A3-9474-1A3956D46DE8}") = "Solution Items", "Solution Items", "{0F87C19D-1CB4-4620-987D-73D9D9A5BD0D}"
	ProjectSection(SolutionItems) = preProject
		..\..\..\..\Desktop\EmbededSqlTest\EmbededSqlTest\ignoreerrors.eslint = ..\..\..\..\Desktop\EmbededSqlTest\EmbededSqlTest\ignoreerrors.eslint
	EndProjectSection
EndProject
Global
	GlobalSection(SolutionConfigurationPlatforms) = preSolution
		Debug|Any CPU = Debug|Any CPU
		Release|Any CPU = Release|Any CPU
	EndGlobalSection
	GlobalSection(ProjectConfigurationPlatforms) = postSolution
		{420089E2-96AD-437B-A46F-8D30E8BBA3E6}.Debug|Any CPU.ActiveCfg = Debug|Any CPU
		{420089E2-96AD-437B-A46F-8D30E8BBA3E6}.Debug|Any CPU.Build.0 = Debug|Any CPU
		{420089E2-96AD-437B-A46F-8D30E8BBA3E6}.Release|Any CPU.ActiveCfg = Release|Any CPU
		{420089E2-96AD-437B-A46F-8D30E8BBA3E6}.Release|Any CPU.Build.0 = Release|Any CPU
		{7876B7D4-5578-47B3-8E35-E6820471DB10}.Debug|Any CPU.ActiveCfg = Debug|Any CPU
		{7876B7D4-5578-47B3-8E35-E6820471DB10}.Debug|Any CPU.Build.0 = Debug|Any CPU
		{7876B7D4-5578-47B3-8E35-E6820471DB10}.Release|Any CPU.ActiveCfg = Release|Any CPU
		{7876B7D4-5578-47B3-8E35-E6820471DB10}.Release|Any CPU.Build.0 = Release|Any CPU
	EndGlobalSection
	GlobalSection(SolutionProperties) = preSolution
		HideSolutionNode = FALSE
	EndGlobalSection
	GlobalSection(ExtensibilityGlobals) = postSolution
		SolutionGuid = {B279F3DE-4D8E-4AF2-8218-015DD3119233}
	EndGlobalSection
EndGlobal
